// !$*UTF8*$!
{
	archiveVersion = 1;
	classes = {
	};
	objectVersion = 46;
	objects = {

/* Begin PBXBuildFile section */
		2D0FE5BC1C25552000944F14 /* AppDelegate.swift in Sources */ = {isa = PBXBuildFile; fileRef = 2D0FE5BB1C25552000944F14 /* AppDelegate.swift */; };
		2D0FE5BE1C25552000944F14 /* MasterViewController.swift in Sources */ = {isa = PBXBuildFile; fileRef = 2D0FE5BD1C25552000944F14 /* MasterViewController.swift */; };
		2D0FE5C01C25552000944F14 /* DetailViewController.swift in Sources */ = {isa = PBXBuildFile; fileRef = 2D0FE5BF1C25552000944F14 /* DetailViewController.swift */; };
		2D0FE5C31C25552000944F14 /* Main.storyboard in Resources */ = {isa = PBXBuildFile; fileRef = 2D0FE5C11C25552000944F14 /* Main.storyboard */; };
		2D0FE5C51C25552000944F14 /* Images.xcassets in Resources */ = {isa = PBXBuildFile; fileRef = 2D0FE5C41C25552000944F14 /* Images.xcassets */; };
		2D0FE5C81C25552000944F14 /* LaunchScreen.xib in Resources */ = {isa = PBXBuildFile; fileRef = 2D0FE5C61C25552000944F14 /* LaunchScreen.xib */; };
		2D0FE5D41C25552000944F14 /* testTests.swift in Sources */ = {isa = PBXBuildFile; fileRef = 2D0FE5D31C25552000944F14 /* testTests.swift */; };
/* End PBXBuildFile section */

/* Begin PBXContainerItemProxy section */
		2D0FE5CE1C25552000944F14 /* PBXContainerItemProxy */ = {
			isa = PBXContainerItemProxy;
			containerPortal = 2D0FE5AE1C25552000944F14 /* Project object */;
			proxyType = 1;
			remoteGlobalIDString = 2D0FE5B51C25552000944F14;
			remoteInfo = test;
		};
/* End PBXContainerItemProxy section */

/* Begin PBXFileReference section */
		2D0FE5B61C25552000944F14 /* test.app */ = {isa = PBXFileReference; explicitFileType = wrapper.application; includeInIndex = 0; path = test.app; sourceTree = BUILT_PRODUCTS_DIR; };
		2D0FE5BA1C25552000944F14 /* Info.plist */ = {isa = PBXFileReference; lastKnownFileType = text.plist.xml; path = Info.plist; sourceTree = "<group>"; };
		2D0FE5BB1C25552000944F14 /* AppDelegate.swift */ = {isa = PBXFileReference; lastKnownFileType = sourcecode.swift; path = AppDelegate.swift; sourceTree = "<group>"; };
		2D0FE5BD1C25552000944F14 /* MasterViewController.swift */ = {isa = PBXFileReference; lastKnownFileType = sourcecode.swift; path = MasterViewController.swift; sourceTree = "<group>"; };
		2D0FE5BF1C25552000944F14 /* DetailViewController.swift */ = {isa = PBXFileReference; lastKnownFileType = sourcecode.swift; path = DetailViewController.swift; sourceTree = "<group>"; };
		2D0FE5C21C25552000944F14 /* Base */ = {isa = PBXFileReference; lastKnownFileType = file.storyboard; name = Base; path = Base.lproj/Main.storyboard; sourceTree = "<group>"; };
		2D0FE5C41C25552000944F14 /* Images.xcassets */ = {isa = PBXFileReference; lastKnownFileType = folder.assetcatalog; path = Images.xcassets; sourceTree = "<group>"; };
		2D0FE5C71C25552000944F14 /* Base */ = {isa = PBXFileReference; lastKnownFileType = file.xib; name = Base; path = Base.lproj/LaunchScreen.xib; sourceTree = "<group>"; };
		2D0FE5CD1C25552000944F14 /* testTests.xctest */ = {isa = PBXFileReference; explicitFileType = wrapper.cfbundle; includeInIndex = 0; path = testTests.xctest; sourceTree = BUILT_PRODUCTS_DIR; };
		2D0FE5D21C25552000944F14 /* Info.plist */ = {isa = PBXFileReference; lastKnownFileType = text.plist.xml; path = Info.plist; sourceTree = "<group>"; };
		2D0FE5D31C25552000944F14 /* testTests.swift */ = {isa = PBXFileReference; lastKnownFileType = sourcecode.swift; path = testTests.swift; sourceTree = "<group>"; };
/* End PBXFileReference section */

/* Begin PBXFrameworksBuildPhase section */
		2D0FE5B31C25552000944F14 /* Frameworks */ = {
			isa = PBXFrameworksBuildPhase;
			buildActionMask = 2147483647;
			files = (
			);
			runOnlyForDeploymentPostprocessing = 0;
		};
		2D0FE5CA1C25552000944F14 /* Frameworks */ = {
			isa = PBXFrameworksBuildPhase;
			buildActionMask = 2147483647;
			files = (
			);
			runOnlyForDeploymentPostprocessing = 0;
		};
/* End PBXFrameworksBuildPhase section */

/* Begin PBXGroup section */
		2D0FE5AD1C25552000944F14 = {
			isa = PBXGroup;
			children = (
				2D0FE5B81C25552000944F14 /* test */,
				2D0FE5D01C25552000944F14 /* testTests */,
				2D0FE5B71C25552000944F14 /* Products */,
			);
			sourceTree = "<group>";
		};
		2D0FE5B71C25552000944F14 /* Products */ = {
			isa = PBXGroup;
			children = (
				2D0FE5B61C25552000944F14 /* test.app */,
				2D0FE5CD1C25552000944F14 /* testTests.xctest */,
			);
			name = Products;
			sourceTree = "<group>";
		};
		2D0FE5B81C25552000944F14 /* test */ = {
			isa = PBXGroup;
			children = (
				2D0FE5BB1C25552000944F14 /* AppDelegate.swift */,
				2D0FE5BD1C25552000944F14 /* MasterViewController.swift */,
				2D0FE5BF1C25552000944F14 /* DetailViewController.swift */,
				2D0FE5C11C25552000944F14 /* Main.storyboard */,
				2D0FE5C41C25552000944F14 /* Images.xcassets */,
				2D0FE5C61C25552000944F14 /* LaunchScreen.xib */,
				2D0FE5B91C25552000944F14 /* Supporting Files */,
			);
			path = test;
			sourceTree = "<group>";
		};
		2D0FE5B91C25552000944F14 /* Supporting Files */ = {
			isa = PBXGroup;
			children = (
				2D0FE5BA1C25552000944F14 /* Info.plist */,
			);
			name = "Supporting Files";
			sourceTree = "<group>";
		};
		2D0FE5D01C25552000944F14 /* testTests */ = {
			isa = PBXGroup;
			children = (
				2D0FE5D31C25552000944F14 /* testTests.swift */,
				2D0FE5D11C25552000944F14 /* Supporting Files */,
			);
			path = testTests;
			sourceTree = "<group>";
		};
		2D0FE5D11C25552000944F14 /* Supporting Files */ = {
			isa = PBXGroup;
			children = (
				2D0FE5D21C25552000944F14 /* Info.plist */,
			);
			name = "Supporting Files";
			sourceTree = "<group>";
		};
/* End PBXGroup section */

/* Begin PBXNativeTarget section */
		2D0FE5B51C25552000944F14 /* test */ = {
			isa = PBXNativeTarget;
			buildConfigurationList = 2D0FE5D71C25552000944F14 /* Build configuration list for PBXNativeTarget "test" */;
			buildPhases = (
				2D0FE5B21C25552000944F14 /* Sources */,
				2D0FE5B31C25552000944F14 /* Frameworks */,
				2D0FE5B41C25552000944F14 /* Resources */,
			);
			buildRules = (
			);
			dependencies = (
			);
			name = test;
			productName = test;
			productReference = 2D0FE5B61C25552000944F14 /* test.app */;
			productType = "com.apple.product-type.application";
		};
		2D0FE5CC1C25552000944F14 /* testTests */ = {
			isa = PBXNativeTarget;
			buildConfigurationList = 2D0FE5DA1C25552000944F14 /* Build configuration list for PBXNativeTarget "testTests" */;
			buildPhases = (
				2D0FE5C91C25552000944F14 /* Sources */,
				2D0FE5CA1C25552000944F14 /* Frameworks */,
				2D0FE5CB1C25552000944F14 /* Resources */,
			);
			buildRules = (
			);
			dependencies = (
				2D0FE5CF1C25552000944F14 /* PBXTargetDependency */,
			);
			name = testTests;
			productName = testTests;
			productReference = 2D0FE5CD1C25552000944F14 /* testTests.xctest */;
			productType = "com.apple.product-type.bundle.unit-test";
		};
/* End PBXNativeTarget section */

/* Begin PBXProject section */
		2D0FE5AE1C25552000944F14 /* Project object */ = {
			isa = PBXProject;
			attributes = {
				LastUpgradeCheck = 0610;
				ORGANIZATIONNAME = Mr.Yin;
				TargetAttributes = {
					2D0FE5B51C25552000944F14 = {
						CreatedOnToolsVersion = 6.1.1;
					};
					2D0FE5CC1C25552000944F14 = {
						CreatedOnToolsVersion = 6.1.1;
						TestTargetID = 2D0FE5B51C25552000944F14;
					};
				};
			};
			buildConfigurationList = 2D0FE5B11C25552000944F14 /* Build configuration list for PBXProject "test" */;
			compatibilityVersion = "Xcode 3.2";
			developmentRegion = English;
			hasScannedForEncodings = 0;
			knownRegions = (
				en,
				Base,
			);
			mainGroup = 2D0FE5AD1C25552000944F14;
			productRefGroup = 2D0FE5B71C25552000944F14 /* Products */;
			projectDirPath = "";
			projectRoot = "";
			targets = (
				2D0FE5B51C25552000944F14 /* test */,
				2D0FE5CC1C25552000944F14 /* testTests */,
			);
		};
/* End PBXProject section */

/* Begin PBXResourcesBuildPhase section */
		2D0FE5B41C25552000944F14 /* Resources */ = {
			isa = PBXResourcesBuildPhase;
			buildActionMask = 2147483647;
			files = (
				2D0FE5C31C25552000944F14 /* Main.storyboard in Resources */,
				2D0FE5C81C25552000944F14 /* LaunchScreen.xib in Resources */,
				2D0FE5C51C25552000944F14 /* Images.xcassets in Resources */,
			);
			runOnlyForDeploymentPostprocessing = 0;
		};
		2D0FE5CB1C25552000944F14 /* Resources */ = {
			isa = PBXResourcesBuildPhase;
			buildActionMask = 2147483647;
			files = (
			);
			runOnlyForDeploymentPostprocessing = 0;
		};
/* End PBXResourcesBuildPhase section */

/* Begin PBXSourcesBuildPhase section */
		2D0FE5B21C25552000944F14 /* Sources */ = {
			isa = PBXSourcesBuildPhase;
			buildActionMask = 2147483647;
			files = (
				2D0FE5C01C25552000944F14 /* DetailViewController.swift in Sources */,
				2D0FE5BE1C25552000944F14 /* MasterViewController.swift in Sources */,
				2D0FE5BC1C25552000944F14 /* AppDelegate.swift in Sources */,
			);
			runOnlyForDeploymentPostprocessing = 0;
		};
		2D0FE5C91C25552000944F14 /* Sources */ = {
			isa = PBXSourcesBuildPhase;
			buildActionMask = 2147483647;
			files = (
				2D0FE5D41C25552000944F14 /* testTests.swift in Sources */,
			);
			runOnlyForDeploymentPostprocessing = 0;
		};
/* End PBXSourcesBuildPhase section */

/* Begin PBXTargetDependency section */
		2D0FE5CF1C25552000944F14 /* PBXTargetDependency */ = {
			isa = PBXTargetDependency;
			target = 2D0FE5B51C25552000944F14 /* test */;
			targetProxy = 2D0FE5CE1C25552000944F14 /* PBXContainerItemProxy */;
		};
/* End PBXTargetDependency section */

/* Begin PBXVariantGroup section */
		2D0FE5C11C25552000944F14 /* Main.storyboard */ = {
			isa = PBXVariantGroup;
			children = (
				2D0FE5C21C25552000944F14 /* Base */,
			);
			name = Main.storyboard;
			sourceTree = "<group>";
		};
		2D0FE5C61C25552000944F14 /* LaunchScreen.xib */ = {
			isa = PBXVariantGroup;
			children = (
				2D0FE5C71C25552000944F14 /* Base */,
			);
			name = LaunchScreen.xib;
			sourceTree = "<group>";
		};
/* End PBXVariantGroup section */

/* Begin XCBuildConfiguration section */
		2D0FE5D51C25552000944F14 /* Debug */ = {
			isa = XCBuildConfiguration;
			buildSettings = {
				ALWAYS_SEARCH_USER_PATHS = NO;
				CLANG_CXX_LANGUAGE_STANDARD = "gnu++0x";
				CLANG_CXX_LIBRARY = "libc++";
				CLANG_ENABLE_MODULES = YES;
				CLANG_ENABLE_OBJC_ARC = YES;
				CLANG_WARN_BOOL_CONVERSION = YES;
				CLANG_WARN_CONSTANT_CONVERSION = YES;
				CLANG_WARN_DIRECT_OBJC_ISA_USAGE = YES_ERROR;
				CLANG_WARN_EMPTY_BODY = YES;
				CLANG_WARN_ENUM_CONVERSION = YES;
				CLANG_WARN_INT_CONVERSION = YES;
				CLANG_WARN_OBJC_ROOT_CLASS = YES_ERROR;
				CLANG_WARN_UNREACHABLE_CODE = YES;
				CLANG_WARN__DUPLICATE_METHOD_MATCH = YES;
				"CODE_SIGN_IDENTITY[sdk=iphoneos*]" = "iPhone Developer";
				COPY_PHASE_STRIP = NO;
				ENABLE_STRICT_OBJC_MSGSEND = YES;
				GCC_C_LANGUAGE_STANDARD = gnu99;
				GCC_DYNAMIC_NO_PIC = NO;
				GCC_OPTIMIZATION_LEVEL = 0;
				GCC_PREPROCESSOR_DEFINITIONS = (
					"DEBUG=1",
					"$(inherited)",
				);
				GCC_SYMBOLS_PRIVATE_EXTERN = NO;
				GCC_WARN_64_TO_32_BIT_CONVERSION = YES;
				GCC_WARN_ABOUT_RETURN_TYPE = YES_ERROR;
				GCC_WARN_UNDECLARED_SELECTOR = YES;
				GCC_WARN_UNINITIALIZED_AUTOS = YES_AGGRESSIVE;
				GCC_WARN_UNUSED_FUNCTION = YES;
				GCC_WARN_UNUSED_VARIABLE = YES;
				IPHONEOS_DEPLOYMENT_TARGET = 8.1;
				MTL_ENABLE_DEBUG_INFO = YES;
				ONLY_ACTIVE_ARCH = YES;
				SDKROOT = iphoneos;
				SWIFT_OPTIMIZATION_LEVEL = "-Onone";
			};
			name = Debug;
		};
		2D0FE5D61C25552000944F14 /* Release */ = {
			isa = XCBuildConfiguration;
			buildSettings = {
				ALWAYS_SEARCH_USER_PATHS = NO;
				CLANG_CXX_LANGUAGE_STANDARD = "gnu++0x";
				CLANG_CXX_LIBRARY = "libc++";
				CLANG_ENABLE_MODULES = YES;
				CLANG_ENABLE_OBJC_ARC = YES;
				CLANG_WARN_BOOL_CONVERSION = YES;
				CLANG_WARN_CONSTANT_CONVERSION = YES;
				CLANG_WARN_DIRECT_OBJC_ISA_USAGE = YES_ERROR;
				CLANG_WARN_EMPTY_BODY = YES;
				CLANG_WARN_ENUM_CONVERSION = YES;
				CLANG_WARN_INT_CONVERSION = YES;
				CLANG_WARN_OBJC_ROOT_CLASS = YES_ERROR;
				CLANG_WARN_UNREACHABLE_CODE = YES;
				CLANG_WARN__DUPLICATE_METHOD_MATCH = YES;
				"CODE_SIGN_IDENTITY[sdk=iphoneos*]" = "iPhone Developer";
				COPY_PHASE_STRIP = YES;
				ENABLE_NS_ASSERTIONS = NO;
				ENABLE_STRICT_OBJC_MSGSEND = YES;
				GCC_C_LANGUAGE_STANDARD = gnu99;
				GCC_WARN_64_TO_32_BIT_CONVERSION = YES;
				GCC_WARN_ABOUT_RETURN_TYPE = YES_ERROR;
				GCC_WARN_UNDECLARED_SELECTOR = YES;
				GCC_WARN_UNINITIALIZED_AUTOS = YES_AGGRESSIVE;
				GCC_WARN_UNUSED_FUNCTION = YES;
				GCC_WARN_UNUSED_VARIABLE = YES;
				IPHONEOS_DEPLOYMENT_TARGET = 8.1;
				MTL_ENABLE_DEBUG_INFO = NO;
				SDKROOT = iphoneos;
				VALIDATE_PRODUCT = YES;
			};
			name = Release;
		};
		2D0FE5D81C25552000944F14 /* Debug */ = {
			isa = XCBuildConfiguration;
			buildSettings = {
				ASSETCATALOG_COMPILER_APPICON_NAME = AppIcon;
				INFOPLIST_FILE = test/Info.plist;
				LD_RUNPATH_SEARCH_PATHS = "$(inherited) @executable_path/Frameworks";
				PRODUCT_NAME = "$(TARGET_NAME)";
			};
			name = Debug;
		};
		2D0FE5D91C25552000944F14 /* Release */ = {
			isa = XCBuildConfiguration;
			buildSettings = {
				ASSETCATALOG_COMPILER_APPICON_NAME = AppIcon;
				INFOPLIST_FILE = test/Info.plist;
				LD_RUNPATH_SEARCH_PATHS = "$(inherited) @executable_path/Frameworks";
				PRODUCT_NAME = "$(TARGET_NAME)";
			};
			name = Release;
		};
		2D0FE5DB1C25552000944F14 /* Debug */ = {
			isa = XCBuildConfiguration;
			buildSettings = {
				BUNDLE_LOADER = "$(TEST_HOST)";
				FRAMEWORK_SEARCH_PATHS = (
					"$(SDKROOT)/Developer/Library/Frameworks",
					"$(inherited)",
				);
				GCC_PREPROCESSOR_DEFINITIONS = (
					"DEBUG=1",
					"$(inherited)",
				);
				INFOPLIST_FILE = testTests/Info.plist;
				LD_RUNPATH_SEARCH_PATHS = "$(inherited) @executable_path/Frameworks @loader_path/Frameworks";
				PRODUCT_NAME = "$(TARGET_NAME)";
				TEST_HOST = "$(BUILT_PRODUCTS_DIR)/test.app/test";
			};
			name = Debug;
		};
		2D0FE5DC1C25552000944F14 /* Release */ = {
			isa = XCBuildConfiguration;
			buildSettings = {
				BUNDLE_LOADER = "$(TEST_HOST)";
				FRAMEWORK_SEARCH_PATHS = (
					"$(SDKROOT)/Developer/Library/Frameworks",
					"$(inherited)",
				);
				INFOPLIST_FILE = testTests/Info.plist;
				LD_RUNPATH_SEARCH_PATHS = "$(inherited) @executable_path/Frameworks @loader_path/Frameworks";
				PRODUCT_NAME = "$(TARGET_NAME)";
				TEST_HOST = "$(BUILT_PRODUCTS_DIR)/test.app/test";
			};
			name = Release;
		};
/* End XCBuildConfiguration section */

/* Begin XCConfigurationList section */
		2D0FE5B11C25552000944F14 /* Build configuration list for PBXProject "test" */ = {
			isa = XCConfigurationList;
			buildConfigurations = (
				2D0FE5D51C25552000944F14 /* Debug */,
				2D0FE5D61C25552000944F14 /* Release */,
			);
			defaultConfigurationIsVisible = 0;
			defaultConfigurationName = Release;
		};
		2D0FE5D71C25552000944F14 /* Build configuration list for PBXNativeTarget "test" */ = {
			isa = XCConfigurationList;
			buildConfigurations = (
				2D0FE5D81C25552000944F14 /* Debug */,
				2D0FE5D91C25552000944F14 /* Release */,
			);
			defaultConfigurationIsVisible = 0;
		};
		2D0FE5DA1C25552000944F14 /* Build configuration list for PBXNativeTarget "testTests" */ = {
			isa = XCConfigurationList;
			buildConfigurations = (
				2D0FE5DB1C25552000944F14 /* Debug */,
				2D0FE5DC1C25552000944F14 /* Release */,
			);
			defaultConfigurationIsVisible = 0;
		};
/* End XCConfigurationList section */
	};
	rootObject = 2D0FE5AE1C25552000944F14 /* Project object */;
}
